
Microsoft Visual Studio Solution File, Format Version 12.00
# Visual Studio Version 17
VisualStudioVersion = 17.8.34330.188
MinimumVisualStudioVersion = 10.0.40219.1
Project("{FAE04EC0-301F-11D3-BF4B-00C04F79EFBC}") = "Jan09", "Jan09\Jan09.csproj", "{BE4F2D5E-9415-425B-9DAF-2415926BF530}"
EndProject
Global
	GlobalSection(SolutionConfigurationPlatforms) = preSolution
		Debug|Any CPU = Debug|Any CPU
		Release|Any CPU = Release|Any CPU
	EndGlobalSection
	GlobalSection(ProjectConfigurationPlatforms) = postSolution
		{BE4F2D5E-9415-425B-9DAF-2415926BF530}.Debug|Any CPU.ActiveCfg = Debug|Any CPU
		{BE4F2D5E-9415-425B-9DAF-2415926BF530}.Debug|Any CPU.Build.0 = Debug|Any CPU
		{BE4F2D5E-9415-425B-9DAF-2415926BF530}.Release|Any CPU.ActiveCfg = Release|Any CPU
		{BE4F2D5E-9415-425B-9DAF-2415926BF530}.Release|Any CPU.Build.0 = Release|Any CPU
	EndGlobalSection
	GlobalSection(SolutionProperties) = preSolution
		HideSolutionNode = FALSE
	EndGlobalSection
	GlobalSection(ExtensibilityGlobals) = postSolution
		SolutionGuid = {EF1D0431-D7A6-4886-A355-838D5D1EE3A2}
	EndGlobalSection
EndGlobal
